
Microsoft Visual Studio Solution File, Format Version 12.00
# Visual Studio Version 17
VisualStudioVersion = 17.3.32804.467
MinimumVisualStudioVersion = 10.0.40219.1
Project("{9A19103F-16F7-4668-BE54-9A1E7A4F7556}") = "TangyWeb_Server", "TangyWeb_Server\TangyWeb_Server.csproj", "{2D8878F2-1570-4FD0-91B7-25F1632C6014}"
EndProject
Project("{9A19103F-16F7-4668-BE54-9A1E7A4F7556}") = "TangyWeb_Client", "TangyWeb_Client\TangyWeb_Client.csproj", "{B524D76F-A92A-4958-8636-20D0EB39DE6A}"
EndProject
Project("{9A19103F-16F7-4668-BE54-9A1E7A4F7556}") = "Tangy_Models", "Tangy_Models\Tangy_Models.csproj", "{C46528C0-2619-4076-BEEC-AAA77036D1E8}"
EndProject
Project("{FAE04EC0-301F-11D3-BF4B-00C04F79EFBC}") = "Tangy_Business", "Tangy_Business\Tangy_Business.csproj", "{D946BB41-A258-4046-8E14-3FA4C082EAE8}"
EndProject
Project("{FAE04EC0-301F-11D3-BF4B-00C04F79EFBC}") = "Tangy_Common", "Tangy_Common\Tangy_Common.csproj", "{3F381C41-7AAA-4F84-A09A-DBD16238C42C}"
EndProject
Project("{FAE04EC0-301F-11D3-BF4B-00C04F79EFBC}") = "Tangy_DataAccess", "Tangy_DataAccess\Tangy_DataAccess.csproj", "{496D216D-3956-4775-8F31-90120314D1C3}"
EndProject
Global
	GlobalSection(SolutionConfigurationPlatforms) = preSolution
		Debug|Any CPU = Debug|Any CPU
		Release|Any CPU = Release|Any CPU
	EndGlobalSection
	GlobalSection(ProjectConfigurationPlatforms) = postSolution
		{2D8878F2-1570-4FD0-91B7-25F1632C6014}.Debug|Any CPU.ActiveCfg = Debug|Any CPU
		{2D8878F2-1570-4FD0-91B7-25F1632C6014}.Debug|Any CPU.Build.0 = Debug|Any CPU
		{2D8878F2-1570-4FD0-91B7-25F1632C6014}.Release|Any CPU.ActiveCfg = Release|Any CPU
		{2D8878F2-1570-4FD0-91B7-25F1632C6014}.Release|Any CPU.Build.0 = Release|Any CPU
		{B524D76F-A92A-4958-8636-20D0EB39DE6A}.Debug|Any CPU.ActiveCfg = Debug|Any CPU
		{B524D76F-A92A-4958-8636-20D0EB39DE6A}.Debug|Any CPU.Build.0 = Debug|Any CPU
		{B524D76F-A92A-4958-8636-20D0EB39DE6A}.Release|Any CPU.ActiveCfg = Release|Any CPU
		{B524D76F-A92A-4958-8636-20D0EB39DE6A}.Release|Any CPU.Build.0 = Release|Any CPU
		{C46528C0-2619-4076-BEEC-AAA77036D1E8}.Debug|Any CPU.ActiveCfg = Debug|Any CPU
		{C46528C0-2619-4076-BEEC-AAA77036D1E8}.Debug|Any CPU.Build.0 = Debug|Any CPU
		{C46528C0-2619-4076-BEEC-AAA77036D1E8}.Release|Any CPU.ActiveCfg = Release|Any CPU
		{C46528C0-2619-4076-BEEC-AAA77036D1E8}.Release|Any CPU.Build.0 = Release|Any CPU
		{D946BB41-A258-4046-8E14-3FA4C082EAE8}.Debug|Any CPU.ActiveCfg = Debug|Any CPU
		{D946BB41-A258-4046-8E14-3FA4C082EAE8}.Debug|Any CPU.Build.0 = Debug|Any CPU
		{D946BB41-A258-4046-8E14-3FA4C082EAE8}.Release|Any CPU.ActiveCfg = Release|Any CPU
		{D946BB41-A258-4046-8E14-3FA4C082EAE8}.Release|Any CPU.Build.0 = Release|Any CPU
		{3F381C41-7AAA-4F84-A09A-DBD16238C42C}.Debug|Any CPU.ActiveCfg = Debug|Any CPU
		{3F381C41-7AAA-4F84-A09A-DBD16238C42C}.Debug|Any CPU.Build.0 = Debug|Any CPU
		{3F381C41-7AAA-4F84-A09A-DBD16238C42C}.Release|Any CPU.ActiveCfg = Release|Any CPU
		{3F381C41-7AAA-4F84-A09A-DBD16238C42C}.Release|Any CPU.Build.0 = Release|Any CPU
		{496D216D-3956-4775-8F31-90120314D1C3}.Debug|Any CPU.ActiveCfg = Debug|Any CPU
		{496D216D-3956-4775-8F31-90120314D1C3}.Debug|Any CPU.Build.0 = Debug|Any CPU
		{496D216D-3956-4775-8F31-90120314D1C3}.Release|Any CPU.ActiveCfg = Release|Any CPU
		{496D216D-3956-4775-8F31-90120314D1C3}.Release|Any CPU.Build.0 = Release|Any CPU
	EndGlobalSection
	GlobalSection(SolutionProperties) = preSolution
		HideSolutionNode = FALSE
	EndGlobalSection
	GlobalSection(ExtensibilityGlobals) = postSolution
		SolutionGuid = {B286F00C-0717-408A-A757-B305E256093B}
	EndGlobalSection
EndGlobal
