
Microsoft Visual Studio Solution File, Format Version 12.00
# Visual Studio Version 17
VisualStudioVersion = 17.3.32804.467
MinimumVisualStudioVersion = 10.0.40219.1
Project("{FAE04EC0-301F-11D3-BF4B-00C04F79EFBC}") = "TangyWeb_Server", "TangyWeb_Server\TangyWeb_Server.csproj", "{2D8878F2-1570-4FD0-91B7-25F1632C6014}"
EndProject
Project("{FAE04EC0-301F-11D3-BF4B-00C04F79EFBC}") = "TangyWeb_Client", "TangyWeb_Client\TangyWeb_Client.csproj", "{B524D76F-A92A-4958-8636-20D0EB39DE6A}"
EndProject
Global
	GlobalSection(SolutionConfigurationPlatforms) = preSolution
		Debug|Any CPU = Debug|Any CPU
		Release|Any CPU = Release|Any CPU
	EndGlobalSection
	GlobalSection(ProjectConfigurationPlatforms) = postSolution
		{2D8878F2-1570-4FD0-91B7-25F1632C6014}.Debug|Any CPU.ActiveCfg = Debug|Any CPU
		{2D8878F2-1570-4FD0-91B7-25F1632C6014}.Debug|Any CPU.Build.0 = Debug|Any CPU
		{2D8878F2-1570-4FD0-91B7-25F1632C6014}.Release|Any CPU.ActiveCfg = Release|Any CPU
		{2D8878F2-1570-4FD0-91B7-25F1632C6014}.Release|Any CPU.Build.0 = Release|Any CPU
		{B524D76F-A92A-4958-8636-20D0EB39DE6A}.Debug|Any CPU.ActiveCfg = Debug|Any CPU
		{B524D76F-A92A-4958-8636-20D0EB39DE6A}.Debug|Any CPU.Build.0 = Debug|Any CPU
		{B524D76F-A92A-4958-8636-20D0EB39DE6A}.Release|Any CPU.ActiveCfg = Release|Any CPU
		{B524D76F-A92A-4958-8636-20D0EB39DE6A}.Release|Any CPU.Build.0 = Release|Any CPU
	EndGlobalSection
	GlobalSection(SolutionProperties) = preSolution
		HideSolutionNode = FALSE
	EndGlobalSection
	GlobalSection(ExtensibilityGlobals) = postSolution
		SolutionGuid = {B286F00C-0717-408A-A757-B305E256093B}
	EndGlobalSection
EndGlobal
